// !$*UTF8*$!
{
	archiveVersion = 1;
	classes = {
	};
	objectVersion = 46;
	objects = {

/* Begin PBXBuildFile section */
		1FFA270E1F25EAA80051E228 /* AppDelegate.swift in Sources */ = {isa = PBXBuildFile; fileRef = 1FFA270D1F25EAA80051E228 /* AppDelegate.swift */; };
		1FFA27101F25EAA80051E228 /* ViewController.swift in Sources */ = {isa = PBXBuildFile; fileRef = 1FFA270F1F25EAA80051E228 /* ViewController.swift */; };
		1FFA27131F25EAA80051E228 /* Main.storyboard in Resources */ = {isa = PBXBuildFile; fileRef = 1FFA27111F25EAA80051E228 /* Main.storyboard */; };
		1FFA27151F25EAA80051E228 /* Assets.xcassets in Resources */ = {isa = PBXBuildFile; fileRef = 1FFA27141F25EAA80051E228 /* Assets.xcassets */; };
		1FFA27181F25EAA80051E228 /* LaunchScreen.storyboard in Resources */ = {isa = PBXBuildFile; fileRef = 1FFA27161F25EAA80051E228 /* LaunchScreen.storyboard */; };
/* End PBXBuildFile section */

/* Begin PBXFileReference section */
		1FFA270A1F25EAA80051E228 /* DaiYun.app */ = {isa = PBXFileReference; explicitFileType = wrapper.application; includeInIndex = 0; path = DaiYun.app; sourceTree = BUILT_PRODUCTS_DIR; };
		1FFA270D1F25EAA80051E228 /* AppDelegate.swift */ = {isa = PBXFileReference; lastKnownFileType = sourcecode.swift; path = AppDelegate.swift; sourceTree = "<group>"; };
		1FFA270F1F25EAA80051E228 /* ViewController.swift */ = {isa = PBXFileReference; lastKnownFileType = sourcecode.swift; path = ViewController.swift; sourceTree = "<group>"; };
		1FFA27121F25EAA80051E228 /* Base */ = {isa = PBXFileReference; lastKnownFileType = file.storyboard; name = Base; path = Base.lproj/Main.storyboard; sourceTree = "<group>"; };
		1FFA27141F25EAA80051E228 /* Assets.xcassets */ = {isa = PBXFileReference; lastKnownFileType = folder.assetcatalog; path = Assets.xcassets; sourceTree = "<group>"; };
		1FFA27171F25EAA80051E228 /* Base */ = {isa = PBXFileReference; lastKnownFileType = file.storyboard; name = Base; path = Base.lproj/LaunchScreen.storyboard; sourceTree = "<group>"; };
		1FFA27191F25EAA80051E228 /* Info.plist */ = {isa = PBXFileReference; lastKnownFileType = text.plist.xml; path = Info.plist; sourceTree = "<group>"; };
/* End PBXFileReference section */

/* Begin PBXFrameworksBuildPhase section */
		1FFA27071F25EAA80051E228 /* Frameworks */ = {
			isa = PBXFrameworksBuildPhase;
			buildActionMask = 2147483647;
			files = (
			);
			runOnlyForDeploymentPostprocessing = 0;
		};
/* End PBXFrameworksBuildPhase section */

/* Begin PBXGroup section */
		1FFA27011F25EAA80051E228 = {
			isa = PBXGroup;
			children = (
				1FFA270C1F25EAA80051E228 /* DaiYun */,
				1FFA270B1F25EAA80051E228 /* Products */,
			);
			sourceTree = "<group>";
		};
		1FFA270B1F25EAA80051E228 /* Products */ = {
			isa = PBXGroup;
			children = (
				1FFA270A1F25EAA80051E228 /* DaiYun.app */,
			);
			name = Products;
			sourceTree = "<group>";
		};
		1FFA270C1F25EAA80051E228 /* DaiYun */ = {
			isa = PBXGroup;
			children = (
				1FFA270D1F25EAA80051E228 /* AppDelegate.swift */,
				1FFA270F1F25EAA80051E228 /* ViewController.swift */,
				1FFA27111F25EAA80051E228 /* Main.storyboard */,
				1FFA27141F25EAA80051E228 /* Assets.xcassets */,
				1FFA27161F25EAA80051E228 /* LaunchScreen.storyboard */,
				1FFA27191F25EAA80051E228 /* Info.plist */,
			);
			path = DaiYun;
			sourceTree = "<group>";
		};
/* End PBXGroup section */

/* Begin PBXNativeTarget section */
		1FFA27091F25EAA80051E228 /* DaiYun */ = {
			isa = PBXNativeTarget;
			buildConfigurationList = 1FFA271C1F25EAA80051E228 /* Build configuration list for PBXNativeTarget "DaiYun" */;
			buildPhases = (
				1FFA27061F25EAA80051E228 /* Sources */,
				1FFA27071F25EAA80051E228 /* Frameworks */,
				1FFA27081F25EAA80051E228 /* Resources */,
			);
			buildRules = (
			);
			dependencies = (
			);
			name = DaiYun;
			productName = DaiYun;
			productReference = 1FFA270A1F25EAA80051E228 /* DaiYun.app */;
			productType = "com.apple.product-type.application";
		};
/* End PBXNativeTarget section */

/* Begin PBXProject section */
		1FFA27021F25EAA80051E228 /* Project object */ = {
			isa = PBXProject;
			attributes = {
				LastSwiftUpdateCheck = 0830;
				LastUpgradeCheck = 0830;
				ORGANIZATIONNAME = Zhang;
				TargetAttributes = {
					1FFA27091F25EAA80051E228 = {
						CreatedOnToolsVersion = 8.3.3;
						DevelopmentTeam = 77L324L35A;
						ProvisioningStyle = Automatic;
					};
				};
			};
			buildConfigurationList = 1FFA27051F25EAA80051E228 /* Build configuration list for PBXProject "DaiYun" */;
			compatibilityVersion = "Xcode 3.2";
			developmentRegion = English;
			hasScannedForEncodings = 0;
			knownRegions = (
				en,
				Base,
			);
			mainGroup = 1FFA27011F25EAA80051E228;
			productRefGroup = 1FFA270B1F25EAA80051E228 /* Products */;
			projectDirPath = "";
			projectRoot = "";
			targets = (
				1FFA27091F25EAA80051E228 /* DaiYun */,
			);
		};
/* End PBXProject section */

/* Begin PBXResourcesBuildPhase section */
		1FFA27081F25EAA80051E228 /* Resources */ = {
			isa = PBXResourcesBuildPhase;
			buildActionMask = 2147483647;
			files = (
				1FFA27181F25EAA80051E228 /* LaunchScreen.storyboard in Resources */,
				1FFA27151F25EAA80051E228 /* Assets.xcassets in Resources */,
				1FFA27131F25EAA80051E228 /* Main.storyboard in Resources */,
			);
			runOnlyForDeploymentPostprocessing = 0;
		};
/* End PBXResourcesBuildPhase section */

/* Begin PBXSourcesBuildPhase section */
		1FFA27061F25EAA80051E228 /* Sources */ = {
			isa = PBXSourcesBuildPhase;
			buildActionMask = 2147483647;
			files = (
				1FFA27101F25EAA80051E228 /* ViewController.swift in Sources */,
				1FFA270E1F25EAA80051E228 /* AppDelegate.swift in Sources */,
			);
			runOnlyForDeploymentPostprocessing = 0;
		};
/* End PBXSourcesBuildPhase section */

/* Begin PBXVariantGroup section */
		1FFA27111F25EAA80051E228 /* Main.storyboard */ = {
			isa = PBXVariantGroup;
			children = (
				1FFA27121F25EAA80051E228 /* Base */,
			);
			name = Main.storyboard;
			sourceTree = "<group>";
		};
		1FFA27161F25EAA80051E228 /* LaunchScreen.storyboard */ = {
			isa = PBXVariantGroup;
			children = (
				1FFA27171F25EAA80051E228 /* Base */,
			);
			name = LaunchScreen.storyboard;
			sourceTree = "<group>";
		};
/* End PBXVariantGroup section */

/* Begin XCBuildConfiguration section */
		1FFA271A1F25EAA80051E228 /* Debug */ = {
			isa = XCBuildConfiguration;
			buildSettings = {
				ALWAYS_SEARCH_USER_PATHS = NO;
				CLANG_ANALYZER_NONNULL = YES;
				CLANG_ANALYZER_NUMBER_OBJECT_CONVERSION = YES_AGGRESSIVE;
				CLANG_CXX_LANGUAGE_STANDARD = "gnu++0x";
				CLANG_CXX_LIBRARY = "libc++";
				CLANG_ENABLE_MODULES = YES;
				CLANG_ENABLE_OBJC_ARC = YES;
				CLANG_WARN_BOOL_CONVERSION = YES;
				CLANG_WARN_CONSTANT_CONVERSION = YES;
				CLANG_WARN_DIRECT_OBJC_ISA_USAGE = YES_ERROR;
				CLANG_WARN_DOCUMENTATION_COMMENTS = YES;
				CLANG_WARN_EMPTY_BODY = YES;
				CLANG_WARN_ENUM_CONVERSION = YES;
				CLANG_WARN_INFINITE_RECURSION = YES;
				CLANG_WARN_INT_CONVERSION = YES;
				CLANG_WARN_OBJC_ROOT_CLASS = YES_ERROR;
				CLANG_WARN_SUSPICIOUS_MOVE = YES;
				CLANG_WARN_UNREACHABLE_CODE = YES;
				CLANG_WARN__DUPLICATE_METHOD_MATCH = YES;
				"CODE_SIGN_IDENTITY[sdk=iphoneos*]" = "iPhone Developer";
				COPY_PHASE_STRIP = NO;
				DEBUG_INFORMATION_FORMAT = dwarf;
				ENABLE_STRICT_OBJC_MSGSEND = YES;
				ENABLE_TESTABILITY = YES;
				GCC_C_LANGUAGE_STANDARD = gnu99;
				GCC_DYNAMIC_NO_PIC = NO;
				GCC_NO_COMMON_BLOCKS = YES;
				GCC_OPTIMIZATION_LEVEL = 0;
				GCC_PREPROCESSOR_DEFINITIONS = (
					"DEBUG=1",
					"$(inherited)",
				);
				GCC_WARN_64_TO_32_BIT_CONVERSION = YES;
				GCC_WARN_ABOUT_RETURN_TYPE = YES_ERROR;
				GCC_WARN_UNDECLARED_SELECTOR = YES;
				GCC_WARN_UNINITIALIZED_AUTOS = YES_AGGRESSIVE;
				GCC_WARN_UNUSED_FUNCTION = YES;
				GCC_WARN_UNUSED_VARIABLE = YES;
				IPHONEOS_DEPLOYMENT_TARGET = 10.3;
				MTL_ENABLE_DEBUG_INFO = YES;
				ONLY_ACTIVE_ARCH = YES;
				SDKROOT = iphoneos;
				SWIFT_ACTIVE_COMPILATION_CONDITIONS = DEBUG;
				SWIFT_OPTIMIZATION_LEVEL = "-Onone";
			};
			name = Debug;
		};
		1FFA271B1F25EAA80051E228 /* Release */ = {
			isa = XCBuildConfiguration;
			buildSettings = {
				ALWAYS_SEARCH_USER_PATHS = NO;
				CLANG_ANALYZER_NONNULL = YES;
				CLANG_ANALYZER_NUMBER_OBJECT_CONVERSION = YES_AGGRESSIVE;
				CLANG_CXX_LANGUAGE_STANDARD = "gnu++0x";
				CLANG_CXX_LIBRARY = "libc++";
				CLANG_ENABLE_MODULES = YES;
				CLANG_ENABLE_OBJC_ARC = YES;
				CLANG_WARN_BOOL_CONVERSION = YES;
				CLANG_WARN_CONSTANT_CONVERSION = YES;
				CLANG_WARN_DIRECT_OBJC_ISA_USAGE = YES_ERROR;
				CLANG_WARN_DOCUMENTATION_COMMENTS = YES;
				CLANG_WARN_EMPTY_BODY = YES;
				CLANG_WARN_ENUM_CONVERSION = YES;
				CLANG_WARN_INFINITE_RECURSION = YES;
				CLANG_WARN_INT_CONVERSION = YES;
				CLANG_WARN_OBJC_ROOT_CLASS = YES_ERROR;
				CLANG_WARN_SUSPICIOUS_MOVE = YES;
				CLANG_WARN_UNREACHABLE_CODE = YES;
				CLANG_WARN__DUPLICATE_METHOD_MATCH = YES;
				"CODE_SIGN_IDENTITY[sdk=iphoneos*]" = "iPhone Developer";
				COPY_PHASE_STRIP = NO;
				DEBUG_INFORMATION_FORMAT = "dwarf-with-dsym";
				ENABLE_NS_ASSERTIONS = NO;
				ENABLE_STRICT_OBJC_MSGSEND = YES;
				GCC_C_LANGUAGE_STANDARD = gnu99;
				GCC_NO_COMMON_BLOCKS = YES;
				GCC_WARN_64_TO_32_BIT_CONVERSION = YES;
				GCC_WARN_ABOUT_RETURN_TYPE = YES_ERROR;
				GCC_WARN_UNDECLARED_SELECTOR = YES;
				GCC_WARN_UNINITIALIZED_AUTOS = YES_AGGRESSIVE;
				GCC_WARN_UNUSED_FUNCTION = YES;
				GCC_WARN_UNUSED_VARIABLE = YES;
				IPHONEOS_DEPLOYMENT_TARGET = 10.3;
				MTL_ENABLE_DEBUG_INFO = NO;
				SDKROOT = iphoneos;
				SWIFT_OPTIMIZATION_LEVEL = "-Owholemodule";
				VALIDATE_PRODUCT = YES;
			};
			name = Release;
		};
		1FFA271D1F25EAA80051E228 /* Debug */ = {
			isa = XCBuildConfiguration;
			buildSettings = {
				ASSETCATALOG_COMPILER_APPICON_NAME = AppIcon;
				DEVELOPMENT_TEAM = 77L324L35A;
				INFOPLIST_FILE = DaiYun/Info.plist;
				IPHONEOS_DEPLOYMENT_TARGET = 8.0;
				LD_RUNPATH_SEARCH_PATHS = "$(inherited) @executable_path/Frameworks";
				PRODUCT_BUNDLE_IDENTIFIER = com.DaiYun;
				PRODUCT_NAME = "$(TARGET_NAME)";
				SWIFT_VERSION = 3.0;
			};
			name = Debug;
		};
		1FFA271E1F25EAA80051E228 /* Release */ = {
			isa = XCBuildConfiguration;
			buildSettings = {
				ASSETCATALOG_COMPILER_APPICON_NAME = AppIcon;
				DEVELOPMENT_TEAM = 77L324L35A;
				INFOPLIST_FILE = DaiYun/Info.plist;
				IPHONEOS_DEPLOYMENT_TARGET = 8.0;
				LD_RUNPATH_SEARCH_PATHS = "$(inherited) @executable_path/Frameworks";
				PRODUCT_BUNDLE_IDENTIFIER = com.DaiYun;
				PRODUCT_NAME = "$(TARGET_NAME)";
				SWIFT_VERSION = 3.0;
			};
			name = Release;
		};
/* End XCBuildConfiguration section */

/* Begin XCConfigurationList section */
		1FFA27051F25EAA80051E228 /* Build configuration list for PBXProject "DaiYun" */ = {
			isa = XCConfigurationList;
			buildConfigurations = (
				1FFA271A1F25EAA80051E228 /* Debug */,
				1FFA271B1F25EAA80051E228 /* Release */,
			);
			defaultConfigurationIsVisible = 0;
			defaultConfigurationName = Release;
		};
		1FFA271C1F25EAA80051E228 /* Build configuration list for PBXNativeTarget "DaiYun" */ = {
			isa = XCConfigurationList;
			buildConfigurations = (
				1FFA271D1F25EAA80051E228 /* Debug */,
				1FFA271E1F25EAA80051E228 /* Release */,
			);
			defaultConfigurationIsVisible = 0;
		};
/* End XCConfigurationList section */
	};
	rootObject = 1FFA27021F25EAA80051E228 /* Project object */;
}
