// !$*UTF8*$!
{
	archiveVersion = 1;
	classes = {
	};
	objectVersion = 46;
	objects = {

/* Begin PBXBuildFile section */
		1F44C1411F42A0F5008BCD80 /* LogViewController.swift in Sources */ = {isa = PBXBuildFile; fileRef = 1F44C1401F42A0F5008BCD80 /* LogViewController.swift */; };
		1F44C1431F42A6F5008BCD80 /* LogViewModel.swift in Sources */ = {isa = PBXBuildFile; fileRef = 1F44C1421F42A6F5008BCD80 /* LogViewModel.swift */; };
		1F44C1451F42A7BB008BCD80 /* LogTableViewCell.swift in Sources */ = {isa = PBXBuildFile; fileRef = 1F44C1441F42A7BB008BCD80 /* LogTableViewCell.swift */; };
		1F44C1471F42DCAE008BCD80 /* MealListViewModel.swift in Sources */ = {isa = PBXBuildFile; fileRef = 1F44C1461F42DCAE008BCD80 /* MealListViewModel.swift */; };
		1F44C1491F42DCC1008BCD80 /* MealListViewController.swift in Sources */ = {isa = PBXBuildFile; fileRef = 1F44C1481F42DCC1008BCD80 /* MealListViewController.swift */; };
		1F63C4661F2DCA510058A997 /* BaseViewController.swift in Sources */ = {isa = PBXBuildFile; fileRef = 1F63C4651F2DCA510058A997 /* BaseViewController.swift */; };
		1F63C4681F2DCA630058A997 /* HomeViewController.swift in Sources */ = {isa = PBXBuildFile; fileRef = 1F63C4671F2DCA630058A997 /* HomeViewController.swift */; };
		1F63C46C1F2DCA890058A997 /* BaseViewModel.swift in Sources */ = {isa = PBXBuildFile; fileRef = 1F63C46B1F2DCA890058A997 /* BaseViewModel.swift */; };
		1F63C46E1F2DCA970058A997 /* HomeViewModel.swift in Sources */ = {isa = PBXBuildFile; fileRef = 1F63C46D1F2DCA970058A997 /* HomeViewModel.swift */; };
		1F63C4701F2DCB0E0058A997 /* UIViewController+NavigationBar.swift in Sources */ = {isa = PBXBuildFile; fileRef = 1F63C46F1F2DCB0E0058A997 /* UIViewController+NavigationBar.swift */; };
		1F63C4731F2DCBB80058A997 /* LoginViewController.swift in Sources */ = {isa = PBXBuildFile; fileRef = 1F63C4721F2DCBB80058A997 /* LoginViewController.swift */; };
		1F63C4761F2DCBD00058A997 /* LoginViewModel.swift in Sources */ = {isa = PBXBuildFile; fileRef = 1F63C4751F2DCBD00058A997 /* LoginViewModel.swift */; };
		1F63C4781F2DCBDE0058A997 /* UserProtocolViewController.swift in Sources */ = {isa = PBXBuildFile; fileRef = 1F63C4771F2DCBDE0058A997 /* UserProtocolViewController.swift */; };
		1F63C47A1F2DCC060058A997 /* AppThemeTool.swift in Sources */ = {isa = PBXBuildFile; fileRef = 1F63C4791F2DCC060058A997 /* AppThemeTool.swift */; };
		1F63C47C1F2DCC0F0058A997 /* RequestUrl.swift in Sources */ = {isa = PBXBuildFile; fileRef = 1F63C47B1F2DCC0F0058A997 /* RequestUrl.swift */; };
		1F63C47F1F2DCD870058A997 /* GloableView.swift in Sources */ = {isa = PBXBuildFile; fileRef = 1F63C47E1F2DCD870058A997 /* GloableView.swift */; };
		1F63C4811F2DCD8D0058A997 /* GloableTableViewCell.swift in Sources */ = {isa = PBXBuildFile; fileRef = 1F63C4801F2DCD8D0058A997 /* GloableTableViewCell.swift */; };
		1F63C4861F2DCDBA0058A997 /* UIViewController+hideExcessLine.m in Sources */ = {isa = PBXBuildFile; fileRef = 1F63C4851F2DCDBA0058A997 /* UIViewController+hideExcessLine.m */; };
		1F63C4891F2DCDC40058A997 /* UIViewController+DismissKeyboard.m in Sources */ = {isa = PBXBuildFile; fileRef = 1F63C4881F2DCDC40058A997 /* UIViewController+DismissKeyboard.m */; };
		1F63C48B1F2DCF3A0058A997 /* TextField+Extentions.swift in Sources */ = {isa = PBXBuildFile; fileRef = 1F63C48A1F2DCF3A0058A997 /* TextField+Extentions.swift */; };
		1F9D11D51F46941E00B0711C /* Default-568.png in Resources */ = {isa = PBXBuildFile; fileRef = 1F9D11D41F46941E00B0711C /* Default-568.png */; };
		1F9D11D71F46AA9A00B0711C /* PackageItemTableViewCell.swift in Sources */ = {isa = PBXBuildFile; fileRef = 1F9D11D61F46AA9A00B0711C /* PackageItemTableViewCell.swift */; };
		1F9D11E31F46B16700B0711C /* UITableView+FDIndexPathHeightCache.m in Sources */ = {isa = PBXBuildFile; fileRef = 1F9D11DC1F46B16700B0711C /* UITableView+FDIndexPathHeightCache.m */; };
		1F9D11E41F46B16700B0711C /* UITableView+FDKeyedHeightCache.m in Sources */ = {isa = PBXBuildFile; fileRef = 1F9D11DE1F46B16700B0711C /* UITableView+FDKeyedHeightCache.m */; };
		1F9D11E51F46B16700B0711C /* UITableView+FDTemplateLayoutCell.m in Sources */ = {isa = PBXBuildFile; fileRef = 1F9D11E01F46B16700B0711C /* UITableView+FDTemplateLayoutCell.m */; };
		1F9D11E61F46B16700B0711C /* UITableView+FDTemplateLayoutCellDebug.m in Sources */ = {isa = PBXBuildFile; fileRef = 1F9D11E21F46B16700B0711C /* UITableView+FDTemplateLayoutCellDebug.m */; };
		1FCCD5E81F3ABD600073ED58 /* LogoutTableViewCell.swift in Sources */ = {isa = PBXBuildFile; fileRef = 1FCCD5E71F3ABD600073ED58 /* LogoutTableViewCell.swift */; };
		1FE36B051F306C4C00E895C7 /* HomePageViewController.swift in Sources */ = {isa = PBXBuildFile; fileRef = 1FE36B041F306C4B00E895C7 /* HomePageViewController.swift */; };
		1FE36B111F306C7900E895C7 /* TYPagerController.m in Sources */ = {isa = PBXBuildFile; fileRef = 1FE36B091F306C7900E895C7 /* TYPagerController.m */; };
		1FE36B121F306C7900E895C7 /* TYTabButtonPagerController.m in Sources */ = {isa = PBXBuildFile; fileRef = 1FE36B0B1F306C7900E895C7 /* TYTabButtonPagerController.m */; };
		1FE36B131F306C7900E895C7 /* TYTabPagerController.m in Sources */ = {isa = PBXBuildFile; fileRef = 1FE36B0D1F306C7900E895C7 /* TYTabPagerController.m */; };
		1FE36B141F306C7900E895C7 /* TYTabTitleViewCell.m in Sources */ = {isa = PBXBuildFile; fileRef = 1FE36B101F306C7900E895C7 /* TYTabTitleViewCell.m */; };
		1FE36B161F306DA000E895C7 /* HomePageViewModel.swift in Sources */ = {isa = PBXBuildFile; fileRef = 1FE36B151F306DA000E895C7 /* HomePageViewModel.swift */; };
		1FE36B201F306E8800E895C7 /* LawViewController.swift in Sources */ = {isa = PBXBuildFile; fileRef = 1FE36B1D1F306E8800E895C7 /* LawViewController.swift */; };
		1FE36B211F306E8800E895C7 /* MealViewController.swift in Sources */ = {isa = PBXBuildFile; fileRef = 1FE36B1E1F306E8800E895C7 /* MealViewController.swift */; };
		1FE36B221F306E8800E895C7 /* MotherViewController.swift in Sources */ = {isa = PBXBuildFile; fileRef = 1FE36B1F1F306E8800E895C7 /* MotherViewController.swift */; };
		1FE36B241F30723C00E895C7 /* FilterViewController.swift in Sources */ = {isa = PBXBuildFile; fileRef = 1FE36B231F30723B00E895C7 /* FilterViewController.swift */; };
		1FE36B261F30724600E895C7 /* LikeViewController.swift in Sources */ = {isa = PBXBuildFile; fileRef = 1FE36B251F30724600E895C7 /* LikeViewController.swift */; };
		1FE36B281F3072DB00E895C7 /* FilterViewModel.swift in Sources */ = {isa = PBXBuildFile; fileRef = 1FE36B271F3072DB00E895C7 /* FilterViewModel.swift */; };
		1FE36B2A1F3072F600E895C7 /* LikeViewModel.swift in Sources */ = {isa = PBXBuildFile; fileRef = 1FE36B291F3072F600E895C7 /* LikeViewModel.swift */; };
		1FE36B2C1F30730300E895C7 /* MotherViewModel.swift in Sources */ = {isa = PBXBuildFile; fileRef = 1FE36B2B1F30730300E895C7 /* MotherViewModel.swift */; };
		1FE36B2E1F30731100E895C7 /* LawViewModel.swift in Sources */ = {isa = PBXBuildFile; fileRef = 1FE36B2D1F30731100E895C7 /* LawViewModel.swift */; };
		1FE36B301F30731F00E895C7 /* MealViewModel.swift in Sources */ = {isa = PBXBuildFile; fileRef = 1FE36B2F1F30731F00E895C7 /* MealViewModel.swift */; };
		1FE36B331F30739500E895C7 /* FilterTableViewCell.swift in Sources */ = {isa = PBXBuildFile; fileRef = 1FE36B321F30739500E895C7 /* FilterTableViewCell.swift */; };
		1FE36B371F35A44500E895C7 /* MotherCollectionViewCell.swift in Sources */ = {isa = PBXBuildFile; fileRef = 1FE36B361F35A44500E895C7 /* MotherCollectionViewCell.swift */; };
		1FE36B3A1F36E70E00E895C7 /* UserModel.swift in Sources */ = {isa = PBXBuildFile; fileRef = 1FE36B391F36E70E00E895C7 /* UserModel.swift */; };
		1FE36B441F36EC3100E895C7 /* MotherModel.swift in Sources */ = {isa = PBXBuildFile; fileRef = 1FE36B431F36EC3100E895C7 /* MotherModel.swift */; };
		1FE36B461F36F62F00E895C7 /* ImageViewManager.swift in Sources */ = {isa = PBXBuildFile; fileRef = 1FE36B451F36F62F00E895C7 /* ImageViewManager.swift */; };
		1FE36B491F3701CB00E895C7 /* ProfileViewController.swift in Sources */ = {isa = PBXBuildFile; fileRef = 1FE36B481F3701CB00E895C7 /* ProfileViewController.swift */; };
		1FE36B4C1F374B8100E895C7 /* ProfileViewModel.swift in Sources */ = {isa = PBXBuildFile; fileRef = 1FE36B4B1F374B8100E895C7 /* ProfileViewModel.swift */; };
		1FE36B4F1F374C1C00E895C7 /* ProfileTableViewCell.swift in Sources */ = {isa = PBXBuildFile; fileRef = 1FE36B4E1F374C1C00E895C7 /* ProfileTableViewCell.swift */; };
		1FE36B511F3752BA00E895C7 /* StatusViewController.swift in Sources */ = {isa = PBXBuildFile; fileRef = 1FE36B501F3752BA00E895C7 /* StatusViewController.swift */; };
		1FE36B531F3752D900E895C7 /* MatchingInfoViewController.swift in Sources */ = {isa = PBXBuildFile; fileRef = 1FE36B521F3752D900E895C7 /* MatchingInfoViewController.swift */; };
		1FE36B551F37531500E895C7 /* ConfideViewController.swift in Sources */ = {isa = PBXBuildFile; fileRef = 1FE36B541F37531500E895C7 /* ConfideViewController.swift */; };
		1FE36B571F37533700E895C7 /* SignFileViewController.swift in Sources */ = {isa = PBXBuildFile; fileRef = 1FE36B561F37533700E895C7 /* SignFileViewController.swift */; };
		1FE36B591F37534500E895C7 /* DoctorInfoViewController.swift in Sources */ = {isa = PBXBuildFile; fileRef = 1FE36B581F37534500E895C7 /* DoctorInfoViewController.swift */; };
		1FE36B5B1F37535300E895C7 /* NormalQuesViewController.swift in Sources */ = {isa = PBXBuildFile; fileRef = 1FE36B5A1F37535300E895C7 /* NormalQuesViewController.swift */; };
		1FE36B5D1F37536100E895C7 /* ContactUsViewController.swift in Sources */ = {isa = PBXBuildFile; fileRef = 1FE36B5C1F37536100E895C7 /* ContactUsViewController.swift */; };
		1FE36B5F1F37536D00E895C7 /* AboutUsViewController.swift in Sources */ = {isa = PBXBuildFile; fileRef = 1FE36B5E1F37536D00E895C7 /* AboutUsViewController.swift */; };
		1FE36B611F3754C400E895C7 /* MatchingInfoViewModel.swift in Sources */ = {isa = PBXBuildFile; fileRef = 1FE36B601F3754C400E895C7 /* MatchingInfoViewModel.swift */; };
		1FE36B631F3754D300E895C7 /* ConfideViewModel.swift in Sources */ = {isa = PBXBuildFile; fileRef = 1FE36B621F3754D300E895C7 /* ConfideViewModel.swift */; };
		1FE36B651F3754E600E895C7 /* SignFileViewModel.swift in Sources */ = {isa = PBXBuildFile; fileRef = 1FE36B641F3754E600E895C7 /* SignFileViewModel.swift */; };
		1FE36B671F3754F100E895C7 /* DoctorInfoViewModel.swift in Sources */ = {isa = PBXBuildFile; fileRef = 1FE36B661F3754F100E895C7 /* DoctorInfoViewModel.swift */; };
		1FE36B691F3754FB00E895C7 /* NormalViewModel.swift in Sources */ = {isa = PBXBuildFile; fileRef = 1FE36B681F3754FB00E895C7 /* NormalViewModel.swift */; };
		1FE36B6B1F37550800E895C7 /* ContavUsViewModel.swift in Sources */ = {isa = PBXBuildFile; fileRef = 1FE36B6A1F37550800E895C7 /* ContavUsViewModel.swift */; };
		1FE36B6D1F37551E00E895C7 /* AboutUsViewModel.swift in Sources */ = {isa = PBXBuildFile; fileRef = 1FE36B6C1F37551E00E895C7 /* AboutUsViewModel.swift */; };
		1FE36B6F1F37584100E895C7 /* NormalQuestTableViewCell.swift in Sources */ = {isa = PBXBuildFile; fileRef = 1FE36B6E1F37584100E895C7 /* NormalQuestTableViewCell.swift */; };
		1FE36B711F375BD300E895C7 /* MotherInfoTableViewCell.swift in Sources */ = {isa = PBXBuildFile; fileRef = 1FE36B701F375BD300E895C7 /* MotherInfoTableViewCell.swift */; };
		1FE36B731F375D3500E895C7 /* MotherInfoViewController.swift in Sources */ = {isa = PBXBuildFile; fileRef = 1FE36B721F375D3500E895C7 /* MotherInfoViewController.swift */; };
		1FE36B751F375D5A00E895C7 /* MotherInfoViewModel.swift in Sources */ = {isa = PBXBuildFile; fileRef = 1FE36B741F375D5A00E895C7 /* MotherInfoViewModel.swift */; };
		1FF805A31F3D547300237FDF /* CollectModel.swift in Sources */ = {isa = PBXBuildFile; fileRef = 1FF805A21F3D547300237FDF /* CollectModel.swift */; };
		1FF805C81F3EBC8200237FDF /* PackageModel.swift in Sources */ = {isa = PBXBuildFile; fileRef = 1FF805C71F3EBC8200237FDF /* PackageModel.swift */; };
		1FF805CA1F3EBEB900237FDF /* PackageTableViewCell.swift in Sources */ = {isa = PBXBuildFile; fileRef = 1FF805C91F3EBEB900237FDF /* PackageTableViewCell.swift */; };
		1FFA270E1F25EAA80051E228 /* AppDelegate.swift in Sources */ = {isa = PBXBuildFile; fileRef = 1FFA270D1F25EAA80051E228 /* AppDelegate.swift */; };
		1FFA27101F25EAA80051E228 /* ViewController.swift in Sources */ = {isa = PBXBuildFile; fileRef = 1FFA270F1F25EAA80051E228 /* ViewController.swift */; };
		1FFA27131F25EAA80051E228 /* Main.storyboard in Resources */ = {isa = PBXBuildFile; fileRef = 1FFA27111F25EAA80051E228 /* Main.storyboard */; };
		1FFA27151F25EAA80051E228 /* Assets.xcassets in Resources */ = {isa = PBXBuildFile; fileRef = 1FFA27141F25EAA80051E228 /* Assets.xcassets */; };
		1FFA27181F25EAA80051E228 /* LaunchScreen.storyboard in Resources */ = {isa = PBXBuildFile; fileRef = 1FFA27161F25EAA80051E228 /* LaunchScreen.storyboard */; };
		1FFA27271F25F59F0051E228 /* BaseNetWorke.swift in Sources */ = {isa = PBXBuildFile; fileRef = 1FFA27261F25F59F0051E228 /* BaseNetWorke.swift */; };
		1FFA272A1F25F5B10051E228 /* Tools.swift in Sources */ = {isa = PBXBuildFile; fileRef = 1FFA27291F25F5B10051E228 /* Tools.swift */; };
		1FFA272D1F25F5EE0051E228 /* Define.swift in Sources */ = {isa = PBXBuildFile; fileRef = 1FFA272B1F25F5EE0051E228 /* Define.swift */; };
		1FFA272E1F25F5EE0051E228 /* Config.swift in Sources */ = {isa = PBXBuildFile; fileRef = 1FFA272C1F25F5EE0051E228 /* Config.swift */; };
		1FFA27311F25F6190051E228 /* String+Size.swift in Sources */ = {isa = PBXBuildFile; fileRef = 1FFA27301F25F6190051E228 /* String+Size.swift */; };
		1FFA27331F25F6590051E228 /* AlertControl+Tools.swift in Sources */ = {isa = PBXBuildFile; fileRef = 1FFA27321F25F6590051E228 /* AlertControl+Tools.swift */; };
		1FFA27351F25F6720051E228 /* UIButton+Extentions.swift in Sources */ = {isa = PBXBuildFile; fileRef = 1FFA27341F25F6720051E228 /* UIButton+Extentions.swift */; };
		1FFA27391F25F6A00051E228 /* UIColor+Hex.m in Sources */ = {isa = PBXBuildFile; fileRef = 1FFA27381F25F6A00051E228 /* UIColor+Hex.m */; };
		1FFA273B1F25F6EC0051E228 /* View+Extntion.swift in Sources */ = {isa = PBXBuildFile; fileRef = 1FFA273A1F25F6EC0051E228 /* View+Extntion.swift */; };
		1FFA273D1F25F7330051E228 /* ErrorModel.swift in Sources */ = {isa = PBXBuildFile; fileRef = 1FFA273C1F25F7330051E228 /* ErrorModel.swift */; };
		1FFA273F1F25F7B10051E228 /* NetWorkingResponse.swift in Sources */ = {isa = PBXBuildFile; fileRef = 1FFA273E1F25F7B10051E228 /* NetWorkingResponse.swift */; };
		7D08ED781628CA1C5F7F4C4A /* Pods_DaiYun.framework in Frameworks */ = {isa = PBXBuildFile; fileRef = 3042DC189EA71C883C34C6EB /* Pods_DaiYun.framework */; };
/* End PBXBuildFile section */

/* Begin PBXFileReference section */
		1F44C1401F42A0F5008BCD80 /* LogViewController.swift */ = {isa = PBXFileReference; fileEncoding = 4; lastKnownFileType = sourcecode.swift; path = LogViewController.swift; sourceTree = "<group>"; };
		1F44C1421F42A6F5008BCD80 /* LogViewModel.swift */ = {isa = PBXFileReference; fileEncoding = 4; lastKnownFileType = sourcecode.swift; path = LogViewModel.swift; sourceTree = "<group>"; };
		1F44C1441F42A7BB008BCD80 /* LogTableViewCell.swift */ = {isa = PBXFileReference; fileEncoding = 4; lastKnownFileType = sourcecode.swift; path = LogTableViewCell.swift; sourceTree = "<group>"; };
		1F44C1461F42DCAE008BCD80 /* MealListViewModel.swift */ = {isa = PBXFileReference; fileEncoding = 4; lastKnownFileType = sourcecode.swift; path = MealListViewModel.swift; sourceTree = "<group>"; };
		1F44C1481F42DCC1008BCD80 /* MealListViewController.swift */ = {isa = PBXFileReference; fileEncoding = 4; lastKnownFileType = sourcecode.swift; path = MealListViewController.swift; sourceTree = "<group>"; };
		1F63C4651F2DCA510058A997 /* BaseViewController.swift */ = {isa = PBXFileReference; fileEncoding = 4; lastKnownFileType = sourcecode.swift; path = BaseViewController.swift; sourceTree = "<group>"; };
		1F63C4671F2DCA630058A997 /* HomeViewController.swift */ = {isa = PBXFileReference; fileEncoding = 4; lastKnownFileType = sourcecode.swift; path = HomeViewController.swift; sourceTree = "<group>"; };
		1F63C46B1F2DCA890058A997 /* BaseViewModel.swift */ = {isa = PBXFileReference; fileEncoding = 4; lastKnownFileType = sourcecode.swift; path = BaseViewModel.swift; sourceTree = "<group>"; };
		1F63C46D1F2DCA970058A997 /* HomeViewModel.swift */ = {isa = PBXFileReference; fileEncoding = 4; lastKnownFileType = sourcecode.swift; path = HomeViewModel.swift; sourceTree = "<group>"; };
		1F63C46F1F2DCB0E0058A997 /* UIViewController+NavigationBar.swift */ = {isa = PBXFileReference; fileEncoding = 4; lastKnownFileType = sourcecode.swift; path = "UIViewController+NavigationBar.swift"; sourceTree = "<group>"; };
		1F63C4721F2DCBB80058A997 /* LoginViewController.swift */ = {isa = PBXFileReference; fileEncoding = 4; lastKnownFileType = sourcecode.swift; path = LoginViewController.swift; sourceTree = "<group>"; };
		1F63C4751F2DCBD00058A997 /* LoginViewModel.swift */ = {isa = PBXFileReference; fileEncoding = 4; lastKnownFileType = sourcecode.swift; path = LoginViewModel.swift; sourceTree = "<group>"; };
		1F63C4771F2DCBDE0058A997 /* UserProtocolViewController.swift */ = {isa = PBXFileReference; fileEncoding = 4; lastKnownFileType = sourcecode.swift; path = UserProtocolViewController.swift; sourceTree = "<group>"; };
		1F63C4791F2DCC060058A997 /* AppThemeTool.swift */ = {isa = PBXFileReference; fileEncoding = 4; lastKnownFileType = sourcecode.swift; path = AppThemeTool.swift; sourceTree = "<group>"; };
		1F63C47B1F2DCC0F0058A997 /* RequestUrl.swift */ = {isa = PBXFileReference; fileEncoding = 4; lastKnownFileType = sourcecode.swift; path = RequestUrl.swift; sourceTree = "<group>"; };
		1F63C47E1F2DCD870058A997 /* GloableView.swift */ = {isa = PBXFileReference; fileEncoding = 4; lastKnownFileType = sourcecode.swift; path = GloableView.swift; sourceTree = "<group>"; };
		1F63C4801F2DCD8D0058A997 /* GloableTableViewCell.swift */ = {isa = PBXFileReference; fileEncoding = 4; lastKnownFileType = sourcecode.swift; path = GloableTableViewCell.swift; sourceTree = "<group>"; };
		1F63C4841F2DCDBA0058A997 /* UIViewController+hideExcessLine.h */ = {isa = PBXFileReference; fileEncoding = 4; lastKnownFileType = sourcecode.c.h; path = "UIViewController+hideExcessLine.h"; sourceTree = "<group>"; };
		1F63C4851F2DCDBA0058A997 /* UIViewController+hideExcessLine.m */ = {isa = PBXFileReference; fileEncoding = 4; lastKnownFileType = sourcecode.c.objc; path = "UIViewController+hideExcessLine.m"; sourceTree = "<group>"; };
		1F63C4871F2DCDC40058A997 /* UIViewController+DismissKeyboard.h */ = {isa = PBXFileReference; fileEncoding = 4; lastKnownFileType = sourcecode.c.h; path = "UIViewController+DismissKeyboard.h"; sourceTree = "<group>"; };
		1F63C4881F2DCDC40058A997 /* UIViewController+DismissKeyboard.m */ = {isa = PBXFileReference; fileEncoding = 4; lastKnownFileType = sourcecode.c.objc; path = "UIViewController+DismissKeyboard.m"; sourceTree = "<group>"; };
		1F63C48A1F2DCF3A0058A997 /* TextField+Extentions.swift */ = {isa = PBXFileReference; fileEncoding = 4; lastKnownFileType = sourcecode.swift; path = "TextField+Extentions.swift"; sourceTree = "<group>"; };
		1F9D11D41F46941E00B0711C /* Default-568.png */ = {isa = PBXFileReference; lastKnownFileType = image.png; path = "Default-568.png"; sourceTree = "<group>"; };
		1F9D11D61F46AA9A00B0711C /* PackageItemTableViewCell.swift */ = {isa = PBXFileReference; fileEncoding = 4; lastKnownFileType = sourcecode.swift; path = PackageItemTableViewCell.swift; sourceTree = "<group>"; };
		1F9D11DB1F46B16700B0711C /* UITableView+FDIndexPathHeightCache.h */ = {isa = PBXFileReference; fileEncoding = 4; lastKnownFileType = sourcecode.c.h; path = "UITableView+FDIndexPathHeightCache.h"; sourceTree = "<group>"; };
		1F9D11DC1F46B16700B0711C /* UITableView+FDIndexPathHeightCache.m */ = {isa = PBXFileReference; fileEncoding = 4; lastKnownFileType = sourcecode.c.objc; path = "UITableView+FDIndexPathHeightCache.m"; sourceTree = "<group>"; };
		1F9D11DD1F46B16700B0711C /* UITableView+FDKeyedHeightCache.h */ = {isa = PBXFileReference; fileEncoding = 4; lastKnownFileType = sourcecode.c.h; path = "UITableView+FDKeyedHeightCache.h"; sourceTree = "<group>"; };
		1F9D11DE1F46B16700B0711C /* UITableView+FDKeyedHeightCache.m */ = {isa = PBXFileReference; fileEncoding = 4; lastKnownFileType = sourcecode.c.objc; path = "UITableView+FDKeyedHeightCache.m"; sourceTree = "<group>"; };
		1F9D11DF1F46B16700B0711C /* UITableView+FDTemplateLayoutCell.h */ = {isa = PBXFileReference; fileEncoding = 4; lastKnownFileType = sourcecode.c.h; path = "UITableView+FDTemplateLayoutCell.h"; sourceTree = "<group>"; };
		1F9D11E01F46B16700B0711C /* UITableView+FDTemplateLayoutCell.m */ = {isa = PBXFileReference; fileEncoding = 4; lastKnownFileType = sourcecode.c.objc; path = "UITableView+FDTemplateLayoutCell.m"; sourceTree = "<group>"; };
		1F9D11E11F46B16700B0711C /* UITableView+FDTemplateLayoutCellDebug.h */ = {isa = PBXFileReference; fileEncoding = 4; lastKnownFileType = sourcecode.c.h; path = "UITableView+FDTemplateLayoutCellDebug.h"; sourceTree = "<group>"; };
		1F9D11E21F46B16700B0711C /* UITableView+FDTemplateLayoutCellDebug.m */ = {isa = PBXFileReference; fileEncoding = 4; lastKnownFileType = sourcecode.c.objc; path = "UITableView+FDTemplateLayoutCellDebug.m"; sourceTree = "<group>"; };
		1FCCD5E71F3ABD600073ED58 /* LogoutTableViewCell.swift */ = {isa = PBXFileReference; fileEncoding = 4; lastKnownFileType = sourcecode.swift; path = LogoutTableViewCell.swift; sourceTree = "<group>"; };
		1FE36B041F306C4B00E895C7 /* HomePageViewController.swift */ = {isa = PBXFileReference; fileEncoding = 4; lastKnownFileType = sourcecode.swift; path = HomePageViewController.swift; sourceTree = "<group>"; };
		1FE36B081F306C7900E895C7 /* TYPagerController.h */ = {isa = PBXFileReference; fileEncoding = 4; lastKnownFileType = sourcecode.c.h; path = TYPagerController.h; sourceTree = "<group>"; };
		1FE36B091F306C7900E895C7 /* TYPagerController.m */ = {isa = PBXFileReference; fileEncoding = 4; lastKnownFileType = sourcecode.c.objc; path = TYPagerController.m; sourceTree = "<group>"; };
		1FE36B0A1F306C7900E895C7 /* TYTabButtonPagerController.h */ = {isa = PBXFileReference; fileEncoding = 4; lastKnownFileType = sourcecode.c.h; path = TYTabButtonPagerController.h; sourceTree = "<group>"; };
		1FE36B0B1F306C7900E895C7 /* TYTabButtonPagerController.m */ = {isa = PBXFileReference; fileEncoding = 4; lastKnownFileType = sourcecode.c.objc; path = TYTabButtonPagerController.m; sourceTree = "<group>"; };
		1FE36B0C1F306C7900E895C7 /* TYTabPagerController.h */ = {isa = PBXFileReference; fileEncoding = 4; lastKnownFileType = sourcecode.c.h; path = TYTabPagerController.h; sourceTree = "<group>"; };
		1FE36B0D1F306C7900E895C7 /* TYTabPagerController.m */ = {isa = PBXFileReference; fileEncoding = 4; lastKnownFileType = sourcecode.c.objc; path = TYTabPagerController.m; sourceTree = "<group>"; };
		1FE36B0E1F306C7900E895C7 /* TYTabTitleCellProtocol.h */ = {isa = PBXFileReference; fileEncoding = 4; lastKnownFileType = sourcecode.c.h; path = TYTabTitleCellProtocol.h; sourceTree = "<group>"; };
		1FE36B0F1F306C7900E895C7 /* TYTabTitleViewCell.h */ = {isa = PBXFileReference; fileEncoding = 4; lastKnownFileType = sourcecode.c.h; path = TYTabTitleViewCell.h; sourceTree = "<group>"; };
		1FE36B101F306C7900E895C7 /* TYTabTitleViewCell.m */ = {isa = PBXFileReference; fileEncoding = 4; lastKnownFileType = sourcecode.c.objc; path = TYTabTitleViewCell.m; sourceTree = "<group>"; };
		1FE36B151F306DA000E895C7 /* HomePageViewModel.swift */ = {isa = PBXFileReference; fileEncoding = 4; lastKnownFileType = sourcecode.swift; path = HomePageViewModel.swift; sourceTree = "<group>"; };
		1FE36B1D1F306E8800E895C7 /* LawViewController.swift */ = {isa = PBXFileReference; fileEncoding = 4; lastKnownFileType = sourcecode.swift; path = LawViewController.swift; sourceTree = "<group>"; };
		1FE36B1E1F306E8800E895C7 /* MealViewController.swift */ = {isa = PBXFileReference; fileEncoding = 4; lastKnownFileType = sourcecode.swift; path = MealViewController.swift; sourceTree = "<group>"; };
		1FE36B1F1F306E8800E895C7 /* MotherViewController.swift */ = {isa = PBXFileReference; fileEncoding = 4; lastKnownFileType = sourcecode.swift; path = MotherViewController.swift; sourceTree = "<group>"; };
		1FE36B231F30723B00E895C7 /* FilterViewController.swift */ = {isa = PBXFileReference; fileEncoding = 4; lastKnownFileType = sourcecode.swift; path = FilterViewController.swift; sourceTree = "<group>"; };
		1FE36B251F30724600E895C7 /* LikeViewController.swift */ = {isa = PBXFileReference; fileEncoding = 4; lastKnownFileType = sourcecode.swift; path = LikeViewController.swift; sourceTree = "<group>"; };
		1FE36B271F3072DB00E895C7 /* FilterViewModel.swift */ = {isa = PBXFileReference; fileEncoding = 4; lastKnownFileType = sourcecode.swift; path = FilterViewModel.swift; sourceTree = "<group>"; };
		1FE36B291F3072F600E895C7 /* LikeViewModel.swift */ = {isa = PBXFileReference; fileEncoding = 4; lastKnownFileType = sourcecode.swift; path = LikeViewModel.swift; sourceTree = "<group>"; };
		1FE36B2B1F30730300E895C7 /* MotherViewModel.swift */ = {isa = PBXFileReference; fileEncoding = 4; lastKnownFileType = sourcecode.swift; path = MotherViewModel.swift; sourceTree = "<group>"; };
		1FE36B2D1F30731100E895C7 /* LawViewModel.swift */ = {isa = PBXFileReference; fileEncoding = 4; lastKnownFileType = sourcecode.swift; path = LawViewModel.swift; sourceTree = "<group>"; };
		1FE36B2F1F30731F00E895C7 /* MealViewModel.swift */ = {isa = PBXFileReference; fileEncoding = 4; lastKnownFileType = sourcecode.swift; path = MealViewModel.swift; sourceTree = "<group>"; };
		1FE36B321F30739500E895C7 /* FilterTableViewCell.swift */ = {isa = PBXFileReference; fileEncoding = 4; lastKnownFileType = sourcecode.swift; path = FilterTableViewCell.swift; sourceTree = "<group>"; };
		1FE36B361F35A44500E895C7 /* MotherCollectionViewCell.swift */ = {isa = PBXFileReference; fileEncoding = 4; lastKnownFileType = sourcecode.swift; path = MotherCollectionViewCell.swift; sourceTree = "<group>"; };
		1FE36B391F36E70E00E895C7 /* UserModel.swift */ = {isa = PBXFileReference; fileEncoding = 4; lastKnownFileType = sourcecode.swift; path = UserModel.swift; sourceTree = "<group>"; };
		1FE36B431F36EC3100E895C7 /* MotherModel.swift */ = {isa = PBXFileReference; fileEncoding = 4; lastKnownFileType = sourcecode.swift; path = MotherModel.swift; sourceTree = "<group>"; };
		1FE36B451F36F62F00E895C7 /* ImageViewManager.swift */ = {isa = PBXFileReference; fileEncoding = 4; lastKnownFileType = sourcecode.swift; path = ImageViewManager.swift; sourceTree = "<group>"; };
		1FE36B481F3701CB00E895C7 /* ProfileViewController.swift */ = {isa = PBXFileReference; fileEncoding = 4; lastKnownFileType = sourcecode.swift; path = ProfileViewController.swift; sourceTree = "<group>"; };
		1FE36B4B1F374B8100E895C7 /* ProfileViewModel.swift */ = {isa = PBXFileReference; fileEncoding = 4; lastKnownFileType = sourcecode.swift; path = ProfileViewModel.swift; sourceTree = "<group>"; };
		1FE36B4E1F374C1C00E895C7 /* ProfileTableViewCell.swift */ = {isa = PBXFileReference; fileEncoding = 4; lastKnownFileType = sourcecode.swift; path = ProfileTableViewCell.swift; sourceTree = "<group>"; };
		1FE36B501F3752BA00E895C7 /* StatusViewController.swift */ = {isa = PBXFileReference; fileEncoding = 4; lastKnownFileType = sourcecode.swift; path = StatusViewController.swift; sourceTree = "<group>"; };
		1FE36B521F3752D900E895C7 /* MatchingInfoViewController.swift */ = {isa = PBXFileReference; fileEncoding = 4; lastKnownFileType = sourcecode.swift; path = MatchingInfoViewController.swift; sourceTree = "<group>"; };
		1FE36B541F37531500E895C7 /* ConfideViewController.swift */ = {isa = PBXFileReference; fileEncoding = 4; lastKnownFileType = sourcecode.swift; path = ConfideViewController.swift; sourceTree = "<group>"; };
		1FE36B561F37533700E895C7 /* SignFileViewController.swift */ = {isa = PBXFileReference; fileEncoding = 4; lastKnownFileType = sourcecode.swift; path = SignFileViewController.swift; sourceTree = "<group>"; };
		1FE36B581F37534500E895C7 /* DoctorInfoViewController.swift */ = {isa = PBXFileReference; fileEncoding = 4; lastKnownFileType = sourcecode.swift; path = DoctorInfoViewController.swift; sourceTree = "<group>"; };
		1FE36B5A1F37535300E895C7 /* NormalQuesViewController.swift */ = {isa = PBXFileReference; fileEncoding = 4; lastKnownFileType = sourcecode.swift; path = NormalQuesViewController.swift; sourceTree = "<group>"; };
		1FE36B5C1F37536100E895C7 /* ContactUsViewController.swift */ = {isa = PBXFileReference; fileEncoding = 4; lastKnownFileType = sourcecode.swift; path = ContactUsViewController.swift; sourceTree = "<group>"; };
		1FE36B5E1F37536D00E895C7 /* AboutUsViewController.swift */ = {isa = PBXFileReference; fileEncoding = 4; lastKnownFileType = sourcecode.swift; path = AboutUsViewController.swift; sourceTree = "<group>"; };
		1FE36B601F3754C400E895C7 /* MatchingInfoViewModel.swift */ = {isa = PBXFileReference; fileEncoding = 4; lastKnownFileType = sourcecode.swift; path = MatchingInfoViewModel.swift; sourceTree = "<group>"; };
		1FE36B621F3754D300E895C7 /* ConfideViewModel.swift */ = {isa = PBXFileReference; fileEncoding = 4; lastKnownFileType = sourcecode.swift; path = ConfideViewModel.swift; sourceTree = "<group>"; };
		1FE36B641F3754E600E895C7 /* SignFileViewModel.swift */ = {isa = PBXFileReference; fileEncoding = 4; lastKnownFileType = sourcecode.swift; path = SignFileViewModel.swift; sourceTree = "<group>"; };
		1FE36B661F3754F100E895C7 /* DoctorInfoViewModel.swift */ = {isa = PBXFileReference; fileEncoding = 4; lastKnownFileType = sourcecode.swift; path = DoctorInfoViewModel.swift; sourceTree = "<group>"; };
		1FE36B681F3754FB00E895C7 /* NormalViewModel.swift */ = {isa = PBXFileReference; fileEncoding = 4; lastKnownFileType = sourcecode.swift; path = NormalViewModel.swift; sourceTree = "<group>"; };
		1FE36B6A1F37550800E895C7 /* ContavUsViewModel.swift */ = {isa = PBXFileReference; fileEncoding = 4; lastKnownFileType = sourcecode.swift; path = ContavUsViewModel.swift; sourceTree = "<group>"; };
		1FE36B6C1F37551E00E895C7 /* AboutUsViewModel.swift */ = {isa = PBXFileReference; fileEncoding = 4; lastKnownFileType = sourcecode.swift; path = AboutUsViewModel.swift; sourceTree = "<group>"; };
		1FE36B6E1F37584100E895C7 /* NormalQuestTableViewCell.swift */ = {isa = PBXFileReference; fileEncoding = 4; lastKnownFileType = sourcecode.swift; path = NormalQuestTableViewCell.swift; sourceTree = "<group>"; };
		1FE36B701F375BD300E895C7 /* MotherInfoTableViewCell.swift */ = {isa = PBXFileReference; fileEncoding = 4; lastKnownFileType = sourcecode.swift; name = MotherInfoTableViewCell.swift; path = ../Controllers/MotherInfoTableViewCell.swift; sourceTree = "<group>"; };
		1FE36B721F375D3500E895C7 /* MotherInfoViewController.swift */ = {isa = PBXFileReference; fileEncoding = 4; lastKnownFileType = sourcecode.swift; path = MotherInfoViewController.swift; sourceTree = "<group>"; };
		1FE36B741F375D5A00E895C7 /* MotherInfoViewModel.swift */ = {isa = PBXFileReference; fileEncoding = 4; lastKnownFileType = sourcecode.swift; path = MotherInfoViewModel.swift; sourceTree = "<group>"; };
		1FF805A21F3D547300237FDF /* CollectModel.swift */ = {isa = PBXFileReference; fileEncoding = 4; lastKnownFileType = sourcecode.swift; path = CollectModel.swift; sourceTree = "<group>"; };
		1FF805C71F3EBC8200237FDF /* PackageModel.swift */ = {isa = PBXFileReference; fileEncoding = 4; lastKnownFileType = sourcecode.swift; path = PackageModel.swift; sourceTree = "<group>"; };
		1FF805C91F3EBEB900237FDF /* PackageTableViewCell.swift */ = {isa = PBXFileReference; fileEncoding = 4; lastKnownFileType = sourcecode.swift; path = PackageTableViewCell.swift; sourceTree = "<group>"; };
		1FFA270A1F25EAA80051E228 /* DaiYun.app */ = {isa = PBXFileReference; explicitFileType = wrapper.application; includeInIndex = 0; path = DaiYun.app; sourceTree = BUILT_PRODUCTS_DIR; };
		1FFA270D1F25EAA80051E228 /* AppDelegate.swift */ = {isa = PBXFileReference; lastKnownFileType = sourcecode.swift; path = AppDelegate.swift; sourceTree = "<group>"; };
		1FFA270F1F25EAA80051E228 /* ViewController.swift */ = {isa = PBXFileReference; lastKnownFileType = sourcecode.swift; path = ViewController.swift; sourceTree = "<group>"; };
		1FFA27121F25EAA80051E228 /* Base */ = {isa = PBXFileReference; lastKnownFileType = file.storyboard; name = Base; path = Base.lproj/Main.storyboard; sourceTree = "<group>"; };
		1FFA27141F25EAA80051E228 /* Assets.xcassets */ = {isa = PBXFileReference; lastKnownFileType = folder.assetcatalog; path = Assets.xcassets; sourceTree = "<group>"; };
		1FFA27171F25EAA80051E228 /* Base */ = {isa = PBXFileReference; lastKnownFileType = file.storyboard; name = Base; path = Base.lproj/LaunchScreen.storyboard; sourceTree = "<group>"; };
		1FFA27191F25EAA80051E228 /* Info.plist */ = {isa = PBXFileReference; lastKnownFileType = text.plist.xml; path = Info.plist; sourceTree = "<group>"; };
		1FFA27241F25F52C0051E228 /* DaiYun-Bridging-Header.h */ = {isa = PBXFileReference; lastKnownFileType = sourcecode.c.h; path = "DaiYun-Bridging-Header.h"; sourceTree = "<group>"; };
		1FFA27261F25F59F0051E228 /* BaseNetWorke.swift */ = {isa = PBXFileReference; fileEncoding = 4; lastKnownFileType = sourcecode.swift; path = BaseNetWorke.swift; sourceTree = "<group>"; };
		1FFA27291F25F5B10051E228 /* Tools.swift */ = {isa = PBXFileReference; fileEncoding = 4; lastKnownFileType = sourcecode.swift; path = Tools.swift; sourceTree = "<group>"; };
		1FFA272B1F25F5EE0051E228 /* Define.swift */ = {isa = PBXFileReference; fileEncoding = 4; lastKnownFileType = sourcecode.swift; path = Define.swift; sourceTree = "<group>"; };
		1FFA272C1F25F5EE0051E228 /* Config.swift */ = {isa = PBXFileReference; fileEncoding = 4; lastKnownFileType = sourcecode.swift; path = Config.swift; sourceTree = "<group>"; };
		1FFA27301F25F6190051E228 /* String+Size.swift */ = {isa = PBXFileReference; fileEncoding = 4; lastKnownFileType = sourcecode.swift; path = "String+Size.swift"; sourceTree = "<group>"; };
		1FFA27321F25F6590051E228 /* AlertControl+Tools.swift */ = {isa = PBXFileReference; fileEncoding = 4; lastKnownFileType = sourcecode.swift; path = "AlertControl+Tools.swift"; sourceTree = "<group>"; };
		1FFA27341F25F6720051E228 /* UIButton+Extentions.swift */ = {isa = PBXFileReference; fileEncoding = 4; lastKnownFileType = sourcecode.swift; path = "UIButton+Extentions.swift"; sourceTree = "<group>"; };
		1FFA27371F25F6A00051E228 /* UIColor+Hex.h */ = {isa = PBXFileReference; fileEncoding = 4; lastKnownFileType = sourcecode.c.h; path = "UIColor+Hex.h"; sourceTree = "<group>"; };
		1FFA27381F25F6A00051E228 /* UIColor+Hex.m */ = {isa = PBXFileReference; fileEncoding = 4; lastKnownFileType = sourcecode.c.objc; path = "UIColor+Hex.m"; sourceTree = "<group>"; };
		1FFA273A1F25F6EC0051E228 /* View+Extntion.swift */ = {isa = PBXFileReference; fileEncoding = 4; lastKnownFileType = sourcecode.swift; path = "View+Extntion.swift"; sourceTree = "<group>"; };
		1FFA273C1F25F7330051E228 /* ErrorModel.swift */ = {isa = PBXFileReference; fileEncoding = 4; lastKnownFileType = sourcecode.swift; path = ErrorModel.swift; sourceTree = "<group>"; };
		1FFA273E1F25F7B10051E228 /* NetWorkingResponse.swift */ = {isa = PBXFileReference; fileEncoding = 4; lastKnownFileType = sourcecode.swift; path = NetWorkingResponse.swift; sourceTree = "<group>"; };
		2BE68AE6D96BD1D66051FE1B /* Pods-DaiYun.debug.xcconfig */ = {isa = PBXFileReference; includeInIndex = 1; lastKnownFileType = text.xcconfig; name = "Pods-DaiYun.debug.xcconfig"; path = "Pods/Target Support Files/Pods-DaiYun/Pods-DaiYun.debug.xcconfig"; sourceTree = "<group>"; };
		3042DC189EA71C883C34C6EB /* Pods_DaiYun.framework */ = {isa = PBXFileReference; explicitFileType = wrapper.framework; includeInIndex = 0; path = Pods_DaiYun.framework; sourceTree = BUILT_PRODUCTS_DIR; };
		BB20F2B0CE39AA2F1075467B /* Pods-DaiYun.release.xcconfig */ = {isa = PBXFileReference; includeInIndex = 1; lastKnownFileType = text.xcconfig; name = "Pods-DaiYun.release.xcconfig"; path = "Pods/Target Support Files/Pods-DaiYun/Pods-DaiYun.release.xcconfig"; sourceTree = "<group>"; };
/* End PBXFileReference section */

/* Begin PBXFrameworksBuildPhase section */
		1FFA27071F25EAA80051E228 /* Frameworks */ = {
			isa = PBXFrameworksBuildPhase;
			buildActionMask = 2147483647;
			files = (
				7D08ED781628CA1C5F7F4C4A /* Pods_DaiYun.framework in Frameworks */,
			);
			runOnlyForDeploymentPostprocessing = 0;
		};
/* End PBXFrameworksBuildPhase section */

/* Begin PBXGroup section */
		1F63C4611F2DCA020058A997 /* Home */ = {
			isa = PBXGroup;
			children = (
				1F63C4671F2DCA630058A997 /* HomeViewController.swift */,
				1FE36B041F306C4B00E895C7 /* HomePageViewController.swift */,
				1FE36B721F375D3500E895C7 /* MotherInfoViewController.swift */,
				1FE36B1D1F306E8800E895C7 /* LawViewController.swift */,
				1FE36B1E1F306E8800E895C7 /* MealViewController.swift */,
				1F44C1481F42DCC1008BCD80 /* MealListViewController.swift */,
				1FE36B1F1F306E8800E895C7 /* MotherViewController.swift */,
				1FE36B231F30723B00E895C7 /* FilterViewController.swift */,
				1FE36B251F30724600E895C7 /* LikeViewController.swift */,
			);
			name = Home;
			sourceTree = "<group>";
		};
		1F63C4621F2DCA190058A997 /* Base */ = {
			isa = PBXGroup;
			children = (
				1F63C4651F2DCA510058A997 /* BaseViewController.swift */,
			);
			name = Base;
			sourceTree = "<group>";
		};
		1F63C4691F2DCA720058A997 /* Base */ = {
			isa = PBXGroup;
			children = (
				1F63C46B1F2DCA890058A997 /* BaseViewModel.swift */,
			);
			name = Base;
			sourceTree = "<group>";
		};
		1F63C46A1F2DCA7A0058A997 /* Home */ = {
			isa = PBXGroup;
			children = (
				1F63C46D1F2DCA970058A997 /* HomeViewModel.swift */,
				1FE36B151F306DA000E895C7 /* HomePageViewModel.swift */,
				1FE36B2B1F30730300E895C7 /* MotherViewModel.swift */,
				1FE36B2D1F30731100E895C7 /* LawViewModel.swift */,
				1FE36B2F1F30731F00E895C7 /* MealViewModel.swift */,
				1F44C1461F42DCAE008BCD80 /* MealListViewModel.swift */,
				1FE36B271F3072DB00E895C7 /* FilterViewModel.swift */,
				1FE36B291F3072F600E895C7 /* LikeViewModel.swift */,
				1FE36B741F375D5A00E895C7 /* MotherInfoViewModel.swift */,
			);
			name = Home;
			sourceTree = "<group>";
		};
		1F63C4711F2DCBAB0058A997 /* Login */ = {
			isa = PBXGroup;
			children = (
				1F63C4721F2DCBB80058A997 /* LoginViewController.swift */,
				1F63C4771F2DCBDE0058A997 /* UserProtocolViewController.swift */,
			);
			name = Login;
			sourceTree = "<group>";
		};
		1F63C4741F2DCBC50058A997 /* Login */ = {
			isa = PBXGroup;
			children = (
				1F63C4751F2DCBD00058A997 /* LoginViewModel.swift */,
			);
			name = Login;
			sourceTree = "<group>";
		};
		1F63C47D1F2DCD770058A997 /* GloableView */ = {
			isa = PBXGroup;
			children = (
				1F63C4801F2DCD8D0058A997 /* GloableTableViewCell.swift */,
				1F63C47E1F2DCD870058A997 /* GloableView.swift */,
			);
			name = GloableView;
			sourceTree = "<group>";
		};
		1F9D11DA1F46B16700B0711C /* UITableView-FDTempleateLayoutCell */ = {
			isa = PBXGroup;
			children = (
				1F9D11DB1F46B16700B0711C /* UITableView+FDIndexPathHeightCache.h */,
				1F9D11DC1F46B16700B0711C /* UITableView+FDIndexPathHeightCache.m */,
				1F9D11DD1F46B16700B0711C /* UITableView+FDKeyedHeightCache.h */,
				1F9D11DE1F46B16700B0711C /* UITableView+FDKeyedHeightCache.m */,
				1F9D11DF1F46B16700B0711C /* UITableView+FDTemplateLayoutCell.h */,
				1F9D11E01F46B16700B0711C /* UITableView+FDTemplateLayoutCell.m */,
				1F9D11E11F46B16700B0711C /* UITableView+FDTemplateLayoutCellDebug.h */,
				1F9D11E21F46B16700B0711C /* UITableView+FDTemplateLayoutCellDebug.m */,
			);
			path = "UITableView-FDTempleateLayoutCell";
			sourceTree = "<group>";
		};
		1FE36B061F306C7000E895C7 /* Lib */ = {
			isa = PBXGroup;
			children = (
				1F9D11DA1F46B16700B0711C /* UITableView-FDTempleateLayoutCell */,
				1FE36B071F306C7900E895C7 /* TYPagerController */,
			);
			path = Lib;
			sourceTree = "<group>";
		};
		1FE36B071F306C7900E895C7 /* TYPagerController */ = {
			isa = PBXGroup;
			children = (
				1FE36B081F306C7900E895C7 /* TYPagerController.h */,
				1FE36B091F306C7900E895C7 /* TYPagerController.m */,
				1FE36B0A1F306C7900E895C7 /* TYTabButtonPagerController.h */,
				1FE36B0B1F306C7900E895C7 /* TYTabButtonPagerController.m */,
				1FE36B0C1F306C7900E895C7 /* TYTabPagerController.h */,
				1FE36B0D1F306C7900E895C7 /* TYTabPagerController.m */,
				1FE36B0E1F306C7900E895C7 /* TYTabTitleCellProtocol.h */,
				1FE36B0F1F306C7900E895C7 /* TYTabTitleViewCell.h */,
				1FE36B101F306C7900E895C7 /* TYTabTitleViewCell.m */,
			);
			path = TYPagerController;
			sourceTree = "<group>";
		};
		1FE36B311F30738000E895C7 /* Home */ = {
			isa = PBXGroup;
			children = (
				1FE36B701F375BD300E895C7 /* MotherInfoTableViewCell.swift */,
				1FE36B321F30739500E895C7 /* FilterTableViewCell.swift */,
				1F9D11D61F46AA9A00B0711C /* PackageItemTableViewCell.swift */,
				1FE36B361F35A44500E895C7 /* MotherCollectionViewCell.swift */,
				1FF805C91F3EBEB900237FDF /* PackageTableViewCell.swift */,
			);
			name = Home;
			sourceTree = "<group>";
		};
		1FE36B381F36E6E000E895C7 /* Mine */ = {
			isa = PBXGroup;
			children = (
				1FE36B391F36E70E00E895C7 /* UserModel.swift */,
			);
			name = Mine;
			sourceTree = "<group>";
		};
		1FE36B421F36EC2200E895C7 /* Home */ = {
			isa = PBXGroup;
			children = (
				1FE36B431F36EC3100E895C7 /* MotherModel.swift */,
				1FF805A21F3D547300237FDF /* CollectModel.swift */,
				1FF805C71F3EBC8200237FDF /* PackageModel.swift */,
			);
			name = Home;
			sourceTree = "<group>";
		};
		1FE36B471F3701B100E895C7 /* Profile */ = {
			isa = PBXGroup;
			children = (
				1FE36B481F3701CB00E895C7 /* ProfileViewController.swift */,
				1FE36B501F3752BA00E895C7 /* StatusViewController.swift */,
				1FE36B521F3752D900E895C7 /* MatchingInfoViewController.swift */,
				1FE36B541F37531500E895C7 /* ConfideViewController.swift */,
				1FE36B561F37533700E895C7 /* SignFileViewController.swift */,
				1FE36B581F37534500E895C7 /* DoctorInfoViewController.swift */,
				1F44C1401F42A0F5008BCD80 /* LogViewController.swift */,
				1FE36B5A1F37535300E895C7 /* NormalQuesViewController.swift */,
				1FE36B5C1F37536100E895C7 /* ContactUsViewController.swift */,
				1FE36B5E1F37536D00E895C7 /* AboutUsViewController.swift */,
			);
			name = Profile;
			sourceTree = "<group>";
		};
		1FE36B4A1F374B5000E895C7 /* Profile */ = {
			isa = PBXGroup;
			children = (
				1FE36B4B1F374B8100E895C7 /* ProfileViewModel.swift */,
				1FE36B601F3754C400E895C7 /* MatchingInfoViewModel.swift */,
				1FE36B621F3754D300E895C7 /* ConfideViewModel.swift */,
				1FE36B641F3754E600E895C7 /* SignFileViewModel.swift */,
				1FE36B661F3754F100E895C7 /* DoctorInfoViewModel.swift */,
				1FE36B681F3754FB00E895C7 /* NormalViewModel.swift */,
				1F44C1421F42A6F5008BCD80 /* LogViewModel.swift */,
				1FE36B6A1F37550800E895C7 /* ContavUsViewModel.swift */,
				1FE36B6C1F37551E00E895C7 /* AboutUsViewModel.swift */,
			);
			name = Profile;
			sourceTree = "<group>";
		};
		1FE36B4D1F374C0800E895C7 /* Profile */ = {
			isa = PBXGroup;
			children = (
				1FE36B4E1F374C1C00E895C7 /* ProfileTableViewCell.swift */,
				1FE36B6E1F37584100E895C7 /* NormalQuestTableViewCell.swift */,
				1FCCD5E71F3ABD600073ED58 /* LogoutTableViewCell.swift */,
				1F44C1441F42A7BB008BCD80 /* LogTableViewCell.swift */,
			);
			name = Profile;
			sourceTree = "<group>";
		};
		1FFA27011F25EAA80051E228 = {
			isa = PBXGroup;
			children = (
				1FFA27231F25F4A40051E228 /* Gloable */,
				1FFA271F1F25F47F0051E228 /* Views */,
				1FFA27201F25F47F0051E228 /* Controllers */,
				1FFA27211F25F47F0051E228 /* ViewModels */,
				1FFA27221F25F47F0051E228 /* Models */,
				1FFA270C1F25EAA80051E228 /* DaiYun */,
				1FFA270B1F25EAA80051E228 /* Products */,
				E20BB627DEB71D4C15BB281B /* Pods */,
				574A7CECEA6A2D78632F379D /* Frameworks */,
			);
			sourceTree = "<group>";
		};
		1FFA270B1F25EAA80051E228 /* Products */ = {
			isa = PBXGroup;
			children = (
				1FFA270A1F25EAA80051E228 /* DaiYun.app */,
			);
			name = Products;
			sourceTree = "<group>";
		};
		1FFA270C1F25EAA80051E228 /* DaiYun */ = {
			isa = PBXGroup;
			children = (
				1FFA270D1F25EAA80051E228 /* AppDelegate.swift */,
				1FFA270F1F25EAA80051E228 /* ViewController.swift */,
				1F63C4791F2DCC060058A997 /* AppThemeTool.swift */,
				1FFA272B1F25F5EE0051E228 /* Define.swift */,
				1FFA272C1F25F5EE0051E228 /* Config.swift */,
				1F63C47B1F2DCC0F0058A997 /* RequestUrl.swift */,
				1FFA27241F25F52C0051E228 /* DaiYun-Bridging-Header.h */,
				1FFA27111F25EAA80051E228 /* Main.storyboard */,
				1F9D11D41F46941E00B0711C /* Default-568.png */,
				1FFA27141F25EAA80051E228 /* Assets.xcassets */,
				1FFA27161F25EAA80051E228 /* LaunchScreen.storyboard */,
				1FFA27191F25EAA80051E228 /* Info.plist */,
			);
			path = DaiYun;
			sourceTree = "<group>";
		};
		1FFA271F1F25F47F0051E228 /* Views */ = {
			isa = PBXGroup;
			children = (
				1FE36B4D1F374C0800E895C7 /* Profile */,
				1FE36B311F30738000E895C7 /* Home */,
				1F63C47D1F2DCD770058A997 /* GloableView */,
			);
			path = Views;
			sourceTree = "<group>";
		};
		1FFA27201F25F47F0051E228 /* Controllers */ = {
			isa = PBXGroup;
			children = (
				1FE36B471F3701B100E895C7 /* Profile */,
				1F63C4711F2DCBAB0058A997 /* Login */,
				1F63C4621F2DCA190058A997 /* Base */,
				1F63C4611F2DCA020058A997 /* Home */,
			);
			path = Controllers;
			sourceTree = "<group>";
		};
		1FFA27211F25F47F0051E228 /* ViewModels */ = {
			isa = PBXGroup;
			children = (
				1FE36B4A1F374B5000E895C7 /* Profile */,
				1F63C4741F2DCBC50058A997 /* Login */,
				1F63C46A1F2DCA7A0058A997 /* Home */,
				1F63C4691F2DCA720058A997 /* Base */,
			);
			path = ViewModels;
			sourceTree = "<group>";
		};
		1FFA27221F25F47F0051E228 /* Models */ = {
			isa = PBXGroup;
			children = (
				1FE36B421F36EC2200E895C7 /* Home */,
				1FE36B381F36E6E000E895C7 /* Mine */,
			);
			path = Models;
			sourceTree = "<group>";
		};
		1FFA27231F25F4A40051E228 /* Gloable */ = {
			isa = PBXGroup;
			children = (
				1FE36B061F306C7000E895C7 /* Lib */,
				1FFA27361F25F6910051E228 /* Category */,
				1FFA272F1F25F60D0051E228 /* Extentions */,
				1FFA27281F25F5A50051E228 /* Tools */,
				1FFA27251F25F5800051E228 /* NetWorking */,
			);
			path = Gloable;
			sourceTree = "<group>";
		};
		1FFA27251F25F5800051E228 /* NetWorking */ = {
			isa = PBXGroup;
			children = (
				1FFA273E1F25F7B10051E228 /* NetWorkingResponse.swift */,
				1FFA27261F25F59F0051E228 /* BaseNetWorke.swift */,
			);
			name = NetWorking;
			sourceTree = "<group>";
		};
		1FFA27281F25F5A50051E228 /* Tools */ = {
			isa = PBXGroup;
			children = (
				1FE36B451F36F62F00E895C7 /* ImageViewManager.swift */,
				1FFA273C1F25F7330051E228 /* ErrorModel.swift */,
				1FFA27291F25F5B10051E228 /* Tools.swift */,
			);
			name = Tools;
			sourceTree = "<group>";
		};
		1FFA272F1F25F60D0051E228 /* Extentions */ = {
			isa = PBXGroup;
			children = (
				1F63C48A1F2DCF3A0058A997 /* TextField+Extentions.swift */,
				1FFA27321F25F6590051E228 /* AlertControl+Tools.swift */,
				1FFA27301F25F6190051E228 /* String+Size.swift */,
				1FFA27341F25F6720051E228 /* UIButton+Extentions.swift */,
				1FFA273A1F25F6EC0051E228 /* View+Extntion.swift */,
				1F63C46F1F2DCB0E0058A997 /* UIViewController+NavigationBar.swift */,
			);
			name = Extentions;
			sourceTree = "<group>";
		};
		1FFA27361F25F6910051E228 /* Category */ = {
			isa = PBXGroup;
			children = (
				1FFA27371F25F6A00051E228 /* UIColor+Hex.h */,
				1FFA27381F25F6A00051E228 /* UIColor+Hex.m */,
				1F63C4841F2DCDBA0058A997 /* UIViewController+hideExcessLine.h */,
				1F63C4851F2DCDBA0058A997 /* UIViewController+hideExcessLine.m */,
				1F63C4871F2DCDC40058A997 /* UIViewController+DismissKeyboard.h */,
				1F63C4881F2DCDC40058A997 /* UIViewController+DismissKeyboard.m */,
			);
			name = Category;
			sourceTree = "<group>";
		};
		574A7CECEA6A2D78632F379D /* Frameworks */ = {
			isa = PBXGroup;
			children = (
				3042DC189EA71C883C34C6EB /* Pods_DaiYun.framework */,
			);
			name = Frameworks;
			sourceTree = "<group>";
		};
		E20BB627DEB71D4C15BB281B /* Pods */ = {
			isa = PBXGroup;
			children = (
				2BE68AE6D96BD1D66051FE1B /* Pods-DaiYun.debug.xcconfig */,
				BB20F2B0CE39AA2F1075467B /* Pods-DaiYun.release.xcconfig */,
			);
			name = Pods;
			sourceTree = "<group>";
		};
/* End PBXGroup section */

/* Begin PBXNativeTarget section */
		1FFA27091F25EAA80051E228 /* DaiYun */ = {
			isa = PBXNativeTarget;
			buildConfigurationList = 1FFA271C1F25EAA80051E228 /* Build configuration list for PBXNativeTarget "DaiYun" */;
			buildPhases = (
				33EBE7A2F3025E305183A2DA /* [CP] Check Pods Manifest.lock */,
				1FFA27061F25EAA80051E228 /* Sources */,
				1FFA27071F25EAA80051E228 /* Frameworks */,
				1FFA27081F25EAA80051E228 /* Resources */,
				31EA7BEDD94DA6B820E25306 /* [CP] Embed Pods Frameworks */,
				5228D249B56817C786A97AE1 /* [CP] Copy Pods Resources */,
			);
			buildRules = (
			);
			dependencies = (
			);
			name = DaiYun;
			productName = DaiYun;
			productReference = 1FFA270A1F25EAA80051E228 /* DaiYun.app */;
			productType = "com.apple.product-type.application";
		};
/* End PBXNativeTarget section */

/* Begin PBXProject section */
		1FFA27021F25EAA80051E228 /* Project object */ = {
			isa = PBXProject;
			attributes = {
				LastSwiftUpdateCheck = 0830;
				LastUpgradeCheck = 0830;
				ORGANIZATIONNAME = Zhang;
				TargetAttributes = {
					1FFA27091F25EAA80051E228 = {
						CreatedOnToolsVersion = 8.3.3;
						DevelopmentTeam = 77L324L35A;
						ProvisioningStyle = Automatic;
					};
				};
			};
			buildConfigurationList = 1FFA27051F25EAA80051E228 /* Build configuration list for PBXProject "DaiYun" */;
			compatibilityVersion = "Xcode 3.2";
			developmentRegion = English;
			hasScannedForEncodings = 0;
			knownRegions = (
				en,
				Base,
			);
			mainGroup = 1FFA27011F25EAA80051E228;
			productRefGroup = 1FFA270B1F25EAA80051E228 /* Products */;
			projectDirPath = "";
			projectRoot = "";
			targets = (
				1FFA27091F25EAA80051E228 /* DaiYun */,
			);
		};
/* End PBXProject section */

/* Begin PBXResourcesBuildPhase section */
		1FFA27081F25EAA80051E228 /* Resources */ = {
			isa = PBXResourcesBuildPhase;
			buildActionMask = 2147483647;
			files = (
				1FFA27181F25EAA80051E228 /* LaunchScreen.storyboard in Resources */,
				1FFA27151F25EAA80051E228 /* Assets.xcassets in Resources */,
				1FFA27131F25EAA80051E228 /* Main.storyboard in Resources */,
				1F9D11D51F46941E00B0711C /* Default-568.png in Resources */,
			);
			runOnlyForDeploymentPostprocessing = 0;
		};
/* End PBXResourcesBuildPhase section */

/* Begin PBXShellScriptBuildPhase section */
		31EA7BEDD94DA6B820E25306 /* [CP] Embed Pods Frameworks */ = {
			isa = PBXShellScriptBuildPhase;
			buildActionMask = 2147483647;
			files = (
			);
			inputPaths = (
			);
			name = "[CP] Embed Pods Frameworks";
			outputPaths = (
			);
			runOnlyForDeploymentPostprocessing = 0;
			shellPath = /bin/sh;
			shellScript = "\"${SRCROOT}/Pods/Target Support Files/Pods-DaiYun/Pods-DaiYun-frameworks.sh\"\n";
			showEnvVarsInLog = 0;
		};
		33EBE7A2F3025E305183A2DA /* [CP] Check Pods Manifest.lock */ = {
			isa = PBXShellScriptBuildPhase;
			buildActionMask = 2147483647;
			files = (
			);
			inputPaths = (
			);
			name = "[CP] Check Pods Manifest.lock";
			outputPaths = (
			);
			runOnlyForDeploymentPostprocessing = 0;
			shellPath = /bin/sh;
			shellScript = "diff \"${PODS_ROOT}/../Podfile.lock\" \"${PODS_ROOT}/Manifest.lock\" > /dev/null\nif [ $? != 0 ] ; then\n    # print error to STDERR\n    echo \"error: The sandbox is not in sync with the Podfile.lock. Run 'pod install' or update your CocoaPods installation.\" >&2\n    exit 1\nfi\n";
			showEnvVarsInLog = 0;
		};
		5228D249B56817C786A97AE1 /* [CP] Copy Pods Resources */ = {
			isa = PBXShellScriptBuildPhase;
			buildActionMask = 2147483647;
			files = (
			);
			inputPaths = (
			);
			name = "[CP] Copy Pods Resources";
			outputPaths = (
			);
			runOnlyForDeploymentPostprocessing = 0;
			shellPath = /bin/sh;
			shellScript = "\"${SRCROOT}/Pods/Target Support Files/Pods-DaiYun/Pods-DaiYun-resources.sh\"\n";
			showEnvVarsInLog = 0;
		};
/* End PBXShellScriptBuildPhase section */

/* Begin PBXSourcesBuildPhase section */
		1FFA27061F25EAA80051E228 /* Sources */ = {
			isa = PBXSourcesBuildPhase;
			buildActionMask = 2147483647;
			files = (
				1F63C4891F2DCDC40058A997 /* UIViewController+DismissKeyboard.m in Sources */,
				1F44C1491F42DCC1008BCD80 /* MealListViewController.swift in Sources */,
				1F63C46E1F2DCA970058A997 /* HomeViewModel.swift in Sources */,
				1FE36B5D1F37536100E895C7 /* ContactUsViewController.swift in Sources */,
				1FE36B281F3072DB00E895C7 /* FilterViewModel.swift in Sources */,
				1F63C48B1F2DCF3A0058A997 /* TextField+Extentions.swift in Sources */,
				1FFA27331F25F6590051E228 /* AlertControl+Tools.swift in Sources */,
				1FE36B5B1F37535300E895C7 /* NormalQuesViewController.swift in Sources */,
				1FFA27391F25F6A00051E228 /* UIColor+Hex.m in Sources */,
				1F44C1431F42A6F5008BCD80 /* LogViewModel.swift in Sources */,
				1FFA273F1F25F7B10051E228 /* NetWorkingResponse.swift in Sources */,
				1F9D11E31F46B16700B0711C /* UITableView+FDIndexPathHeightCache.m in Sources */,
				1F63C4731F2DCBB80058A997 /* LoginViewController.swift in Sources */,
				1F63C4701F2DCB0E0058A997 /* UIViewController+NavigationBar.swift in Sources */,
				1FE36B4F1F374C1C00E895C7 /* ProfileTableViewCell.swift in Sources */,
				1FE36B491F3701CB00E895C7 /* ProfileViewController.swift in Sources */,
				1FE36B331F30739500E895C7 /* FilterTableViewCell.swift in Sources */,
				1FE36B261F30724600E895C7 /* LikeViewController.swift in Sources */,
				1FE36B131F306C7900E895C7 /* TYTabPagerController.m in Sources */,
				1F63C4781F2DCBDE0058A997 /* UserProtocolViewController.swift in Sources */,
				1F63C4811F2DCD8D0058A997 /* GloableTableViewCell.swift in Sources */,
				1F44C1471F42DCAE008BCD80 /* MealListViewModel.swift in Sources */,
				1FE36B301F30731F00E895C7 /* MealViewModel.swift in Sources */,
				1FE36B6B1F37550800E895C7 /* ContavUsViewModel.swift in Sources */,
				1FFA27351F25F6720051E228 /* UIButton+Extentions.swift in Sources */,
				1FFA27311F25F6190051E228 /* String+Size.swift in Sources */,
				1FE36B2A1F3072F600E895C7 /* LikeViewModel.swift in Sources */,
				1F9D11E61F46B16700B0711C /* UITableView+FDTemplateLayoutCellDebug.m in Sources */,
				1FE36B731F375D3500E895C7 /* MotherInfoViewController.swift in Sources */,
				1FF805C81F3EBC8200237FDF /* PackageModel.swift in Sources */,
				1FE36B3A1F36E70E00E895C7 /* UserModel.swift in Sources */,
				1F63C47A1F2DCC060058A997 /* AppThemeTool.swift in Sources */,
				1F63C4761F2DCBD00058A997 /* LoginViewModel.swift in Sources */,
				1FE36B111F306C7900E895C7 /* TYPagerController.m in Sources */,
				1FF805A31F3D547300237FDF /* CollectModel.swift in Sources */,
				1F63C46C1F2DCA890058A997 /* BaseViewModel.swift in Sources */,
				1FE36B211F306E8800E895C7 /* MealViewController.swift in Sources */,
				1FE36B2E1F30731100E895C7 /* LawViewModel.swift in Sources */,
				1FE36B6D1F37551E00E895C7 /* AboutUsViewModel.swift in Sources */,
				1FE36B221F306E8800E895C7 /* MotherViewController.swift in Sources */,
				1F63C47C1F2DCC0F0058A997 /* RequestUrl.swift in Sources */,
				1FE36B161F306DA000E895C7 /* HomePageViewModel.swift in Sources */,
				1FE36B051F306C4C00E895C7 /* HomePageViewController.swift in Sources */,
				1F9D11D71F46AA9A00B0711C /* PackageItemTableViewCell.swift in Sources */,
				1FE36B571F37533700E895C7 /* SignFileViewController.swift in Sources */,
				1FE36B511F3752BA00E895C7 /* StatusViewController.swift in Sources */,
				1FE36B4C1F374B8100E895C7 /* ProfileViewModel.swift in Sources */,
				1F63C47F1F2DCD870058A997 /* GloableView.swift in Sources */,
				1FE36B201F306E8800E895C7 /* LawViewController.swift in Sources */,
				1F44C1411F42A0F5008BCD80 /* LogViewController.swift in Sources */,
				1FCCD5E81F3ABD600073ED58 /* LogoutTableViewCell.swift in Sources */,
				1FE36B2C1F30730300E895C7 /* MotherViewModel.swift in Sources */,
				1FE36B611F3754C400E895C7 /* MatchingInfoViewModel.swift in Sources */,
				1FE36B141F306C7900E895C7 /* TYTabTitleViewCell.m in Sources */,
				1FE36B5F1F37536D00E895C7 /* AboutUsViewController.swift in Sources */,
				1F63C4681F2DCA630058A997 /* HomeViewController.swift in Sources */,
				1FF805CA1F3EBEB900237FDF /* PackageTableViewCell.swift in Sources */,
				1FE36B121F306C7900E895C7 /* TYTabButtonPagerController.m in Sources */,
				1F9D11E51F46B16700B0711C /* UITableView+FDTemplateLayoutCell.m in Sources */,
				1FE36B751F375D5A00E895C7 /* MotherInfoViewModel.swift in Sources */,
				1F44C1451F42A7BB008BCD80 /* LogTableViewCell.swift in Sources */,
				1F63C4661F2DCA510058A997 /* BaseViewController.swift in Sources */,
				1F9D11E41F46B16700B0711C /* UITableView+FDKeyedHeightCache.m in Sources */,
				1FE36B461F36F62F00E895C7 /* ImageViewManager.swift in Sources */,
				1FFA27101F25EAA80051E228 /* ViewController.swift in Sources */,
				1FE36B631F3754D300E895C7 /* ConfideViewModel.swift in Sources */,
				1FFA27271F25F59F0051E228 /* BaseNetWorke.swift in Sources */,
				1FE36B371F35A44500E895C7 /* MotherCollectionViewCell.swift in Sources */,
				1FFA273D1F25F7330051E228 /* ErrorModel.swift in Sources */,
				1FE36B691F3754FB00E895C7 /* NormalViewModel.swift in Sources */,
				1FE36B591F37534500E895C7 /* DoctorInfoViewController.swift in Sources */,
				1FE36B6F1F37584100E895C7 /* NormalQuestTableViewCell.swift in Sources */,
				1FFA270E1F25EAA80051E228 /* AppDelegate.swift in Sources */,
				1FE36B241F30723C00E895C7 /* FilterViewController.swift in Sources */,
				1FFA272D1F25F5EE0051E228 /* Define.swift in Sources */,
				1FE36B671F3754F100E895C7 /* DoctorInfoViewModel.swift in Sources */,
				1FE36B551F37531500E895C7 /* ConfideViewController.swift in Sources */,
				1FE36B531F3752D900E895C7 /* MatchingInfoViewController.swift in Sources */,
				1FE36B711F375BD300E895C7 /* MotherInfoTableViewCell.swift in Sources */,
				1FFA273B1F25F6EC0051E228 /* View+Extntion.swift in Sources */,
				1FE36B441F36EC3100E895C7 /* MotherModel.swift in Sources */,
				1F63C4861F2DCDBA0058A997 /* UIViewController+hideExcessLine.m in Sources */,
				1FFA272A1F25F5B10051E228 /* Tools.swift in Sources */,
				1FE36B651F3754E600E895C7 /* SignFileViewModel.swift in Sources */,
				1FFA272E1F25F5EE0051E228 /* Config.swift in Sources */,
			);
			runOnlyForDeploymentPostprocessing = 0;
		};
/* End PBXSourcesBuildPhase section */

/* Begin PBXVariantGroup section */
		1FFA27111F25EAA80051E228 /* Main.storyboard */ = {
			isa = PBXVariantGroup;
			children = (
				1FFA27121F25EAA80051E228 /* Base */,
			);
			name = Main.storyboard;
			sourceTree = "<group>";
		};
		1FFA27161F25EAA80051E228 /* LaunchScreen.storyboard */ = {
			isa = PBXVariantGroup;
			children = (
				1FFA27171F25EAA80051E228 /* Base */,
			);
			name = LaunchScreen.storyboard;
			sourceTree = "<group>";
		};
/* End PBXVariantGroup section */

/* Begin XCBuildConfiguration section */
		1FFA271A1F25EAA80051E228 /* Debug */ = {
			isa = XCBuildConfiguration;
			buildSettings = {
				ALWAYS_SEARCH_USER_PATHS = NO;
				CLANG_ANALYZER_NONNULL = YES;
				CLANG_ANALYZER_NUMBER_OBJECT_CONVERSION = YES_AGGRESSIVE;
				CLANG_CXX_LANGUAGE_STANDARD = "gnu++0x";
				CLANG_CXX_LIBRARY = "libc++";
				CLANG_ENABLE_MODULES = YES;
				CLANG_ENABLE_OBJC_ARC = YES;
				CLANG_WARN_BOOL_CONVERSION = YES;
				CLANG_WARN_CONSTANT_CONVERSION = YES;
				CLANG_WARN_DIRECT_OBJC_ISA_USAGE = YES_ERROR;
				CLANG_WARN_DOCUMENTATION_COMMENTS = YES;
				CLANG_WARN_EMPTY_BODY = YES;
				CLANG_WARN_ENUM_CONVERSION = YES;
				CLANG_WARN_INFINITE_RECURSION = YES;
				CLANG_WARN_INT_CONVERSION = YES;
				CLANG_WARN_OBJC_ROOT_CLASS = YES_ERROR;
				CLANG_WARN_SUSPICIOUS_MOVE = YES;
				CLANG_WARN_UNREACHABLE_CODE = YES;
				CLANG_WARN__DUPLICATE_METHOD_MATCH = YES;
				"CODE_SIGN_IDENTITY[sdk=iphoneos*]" = "iPhone Developer";
				COPY_PHASE_STRIP = NO;
				DEBUG_INFORMATION_FORMAT = dwarf;
				ENABLE_STRICT_OBJC_MSGSEND = YES;
				ENABLE_TESTABILITY = YES;
				GCC_C_LANGUAGE_STANDARD = gnu99;
				GCC_DYNAMIC_NO_PIC = NO;
				GCC_NO_COMMON_BLOCKS = YES;
				GCC_OPTIMIZATION_LEVEL = 0;
				GCC_PREPROCESSOR_DEFINITIONS = (
					"DEBUG=1",
					"$(inherited)",
				);
				GCC_WARN_64_TO_32_BIT_CONVERSION = YES;
				GCC_WARN_ABOUT_RETURN_TYPE = YES_ERROR;
				GCC_WARN_UNDECLARED_SELECTOR = YES;
				GCC_WARN_UNINITIALIZED_AUTOS = YES_AGGRESSIVE;
				GCC_WARN_UNUSED_FUNCTION = YES;
				GCC_WARN_UNUSED_VARIABLE = YES;
				IPHONEOS_DEPLOYMENT_TARGET = 10.3;
				MTL_ENABLE_DEBUG_INFO = YES;
				ONLY_ACTIVE_ARCH = YES;
				SDKROOT = iphoneos;
				SWIFT_ACTIVE_COMPILATION_CONDITIONS = DEBUG;
				SWIFT_OPTIMIZATION_LEVEL = "-Onone";
			};
			name = Debug;
		};
		1FFA271B1F25EAA80051E228 /* Release */ = {
			isa = XCBuildConfiguration;
			buildSettings = {
				ALWAYS_SEARCH_USER_PATHS = NO;
				CLANG_ANALYZER_NONNULL = YES;
				CLANG_ANALYZER_NUMBER_OBJECT_CONVERSION = YES_AGGRESSIVE;
				CLANG_CXX_LANGUAGE_STANDARD = "gnu++0x";
				CLANG_CXX_LIBRARY = "libc++";
				CLANG_ENABLE_MODULES = YES;
				CLANG_ENABLE_OBJC_ARC = YES;
				CLANG_WARN_BOOL_CONVERSION = YES;
				CLANG_WARN_CONSTANT_CONVERSION = YES;
				CLANG_WARN_DIRECT_OBJC_ISA_USAGE = YES_ERROR;
				CLANG_WARN_DOCUMENTATION_COMMENTS = YES;
				CLANG_WARN_EMPTY_BODY = YES;
				CLANG_WARN_ENUM_CONVERSION = YES;
				CLANG_WARN_INFINITE_RECURSION = YES;
				CLANG_WARN_INT_CONVERSION = YES;
				CLANG_WARN_OBJC_ROOT_CLASS = YES_ERROR;
				CLANG_WARN_SUSPICIOUS_MOVE = YES;
				CLANG_WARN_UNREACHABLE_CODE = YES;
				CLANG_WARN__DUPLICATE_METHOD_MATCH = YES;
				"CODE_SIGN_IDENTITY[sdk=iphoneos*]" = "iPhone Developer";
				COPY_PHASE_STRIP = NO;
				DEBUG_INFORMATION_FORMAT = "dwarf-with-dsym";
				ENABLE_NS_ASSERTIONS = NO;
				ENABLE_STRICT_OBJC_MSGSEND = YES;
				GCC_C_LANGUAGE_STANDARD = gnu99;
				GCC_NO_COMMON_BLOCKS = YES;
				GCC_WARN_64_TO_32_BIT_CONVERSION = YES;
				GCC_WARN_ABOUT_RETURN_TYPE = YES_ERROR;
				GCC_WARN_UNDECLARED_SELECTOR = YES;
				GCC_WARN_UNINITIALIZED_AUTOS = YES_AGGRESSIVE;
				GCC_WARN_UNUSED_FUNCTION = YES;
				GCC_WARN_UNUSED_VARIABLE = YES;
				IPHONEOS_DEPLOYMENT_TARGET = 10.3;
				MTL_ENABLE_DEBUG_INFO = NO;
				SDKROOT = iphoneos;
				SWIFT_OPTIMIZATION_LEVEL = "-Owholemodule";
				VALIDATE_PRODUCT = YES;
			};
			name = Release;
		};
		1FFA271D1F25EAA80051E228 /* Debug */ = {
			isa = XCBuildConfiguration;
			baseConfigurationReference = 2BE68AE6D96BD1D66051FE1B /* Pods-DaiYun.debug.xcconfig */;
			buildSettings = {
				ASSETCATALOG_COMPILER_APPICON_NAME = AppIcon;
				ASSETCATALOG_COMPILER_LAUNCHIMAGE_NAME = LaunchImage;
				DEVELOPMENT_TEAM = 77L324L35A;
				INFOPLIST_FILE = DaiYun/Info.plist;
				IPHONEOS_DEPLOYMENT_TARGET = 8.0;
				LD_RUNPATH_SEARCH_PATHS = "$(inherited) @executable_path/Frameworks";
				PRODUCT_BUNDLE_IDENTIFIER = com.DaiYun;
				PRODUCT_NAME = "$(TARGET_NAME)";
				SWIFT_OBJC_BRIDGING_HEADER = "DaiYun/DaiYun-Bridging-Header.h";
				SWIFT_VERSION = 3.0;
			};
			name = Debug;
		};
		1FFA271E1F25EAA80051E228 /* Release */ = {
			isa = XCBuildConfiguration;
			baseConfigurationReference = BB20F2B0CE39AA2F1075467B /* Pods-DaiYun.release.xcconfig */;
			buildSettings = {
				ASSETCATALOG_COMPILER_APPICON_NAME = AppIcon;
				ASSETCATALOG_COMPILER_LAUNCHIMAGE_NAME = LaunchImage;
				DEVELOPMENT_TEAM = 77L324L35A;
				INFOPLIST_FILE = DaiYun/Info.plist;
				IPHONEOS_DEPLOYMENT_TARGET = 8.0;
				LD_RUNPATH_SEARCH_PATHS = "$(inherited) @executable_path/Frameworks";
				PRODUCT_BUNDLE_IDENTIFIER = com.DaiYun;
				PRODUCT_NAME = "$(TARGET_NAME)";
				SWIFT_OBJC_BRIDGING_HEADER = "DaiYun/DaiYun-Bridging-Header.h";
				SWIFT_VERSION = 3.0;
			};
			name = Release;
		};
/* End XCBuildConfiguration section */

/* Begin XCConfigurationList section */
		1FFA27051F25EAA80051E228 /* Build configuration list for PBXProject "DaiYun" */ = {
			isa = XCConfigurationList;
			buildConfigurations = (
				1FFA271A1F25EAA80051E228 /* Debug */,
				1FFA271B1F25EAA80051E228 /* Release */,
			);
			defaultConfigurationIsVisible = 0;
			defaultConfigurationName = Release;
		};
		1FFA271C1F25EAA80051E228 /* Build configuration list for PBXNativeTarget "DaiYun" */ = {
			isa = XCConfigurationList;
			buildConfigurations = (
				1FFA271D1F25EAA80051E228 /* Debug */,
				1FFA271E1F25EAA80051E228 /* Release */,
			);
			defaultConfigurationIsVisible = 0;
			defaultConfigurationName = Release;
		};
/* End XCConfigurationList section */
	};
	rootObject = 1FFA27021F25EAA80051E228 /* Project object */;
}
